// !$*UTF8*$!
{
	archiveVersion = 1;
	classes = {
	};
	objectVersion = 46;
	objects = {

/* Begin PBXBuildFile section */
		4E334C33193FB01700974A26 /* SettingsTVC.m in Sources */ = {isa = PBXBuildFile; fileRef = 4E334C32193FB01700974A26 /* SettingsTVC.m */; };
		4E334C44193FB07C00974A26 /* main.m in Sources */ = {isa = PBXBuildFile; fileRef = 4E334C43193FB07C00974A26 /* main.m */; };
		4E334C4A193FB33D00974A26 /* ImageContentModel.xcdatamodeld in Sources */ = {isa = PBXBuildFile; fileRef = 4E334C48193FB33D00974A26 /* ImageContentModel.xcdatamodeld */; };
		4E334C4C193FDB3D00974A26 /* interestMe_logo2_58.png in Resources */ = {isa = PBXBuildFile; fileRef = 4E334C4B193FDB3D00974A26 /* interestMe_logo2_58.png */; };
		4E46E27E19369819009A5FFF /* Polaroid+AddOn.m in Sources */ = {isa = PBXBuildFile; fileRef = 4E46E27D19369819009A5FFF /* Polaroid+AddOn.m */; };
		4E4B270A18FE103300958FBF /* interestSettingsButton.png in Resources */ = {isa = PBXBuildFile; fileRef = 4E4B270918FE103300958FBF /* interestSettingsButton.png */; };
		4E4B270C18FE112C00958FBF /* interestBoardButton.png in Resources */ = {isa = PBXBuildFile; fileRef = 4E4B270B18FE112C00958FBF /* interestBoardButton.png */; };
		4E4B270E18FE135E00958FBF /* interestMeTitle.png in Resources */ = {isa = PBXBuildFile; fileRef = 4E4B270D18FE135E00958FBF /* interestMeTitle.png */; };
		4E5EA0B118F7521D00219035 /* Foundation.framework in Frameworks */ = {isa = PBXBuildFile; fileRef = 4E5EA0B018F7521D00219035 /* Foundation.framework */; };
		4E5EA0B318F7521D00219035 /* CoreGraphics.framework in Frameworks */ = {isa = PBXBuildFile; fileRef = 4E5EA0B218F7521D00219035 /* CoreGraphics.framework */; };
		4E5EA0B518F7521D00219035 /* UIKit.framework in Frameworks */ = {isa = PBXBuildFile; fileRef = 4E5EA0B418F7521D00219035 /* UIKit.framework */; };
		4E5EA0C118F7521D00219035 /* CDWAppDelegate.m in Sources */ = {isa = PBXBuildFile; fileRef = 4E5EA0C018F7521D00219035 /* CDWAppDelegate.m */; };
		4E5EA0C418F7521D00219035 /* Main.storyboard in Resources */ = {isa = PBXBuildFile; fileRef = 4E5EA0C218F7521D00219035 /* Main.storyboard */; };
		4E5EA0C718F7521D00219035 /* DraggableViewController.m in Sources */ = {isa = PBXBuildFile; fileRef = 4E5EA0C618F7521D00219035 /* DraggableViewController.m */; };
		4E5EA0C918F7521D00219035 /* Images.xcassets in Resources */ = {isa = PBXBuildFile; fileRef = 4E5EA0C818F7521D00219035 /* Images.xcassets */; };
		4E5EA0D018F7521D00219035 /* XCTest.framework in Frameworks */ = {isa = PBXBuildFile; fileRef = 4E5EA0CF18F7521D00219035 /* XCTest.framework */; };
		4E5EA0D118F7521D00219035 /* Foundation.framework in Frameworks */ = {isa = PBXBuildFile; fileRef = 4E5EA0B018F7521D00219035 /* Foundation.framework */; };
		4E5EA0D218F7521D00219035 /* UIKit.framework in Frameworks */ = {isa = PBXBuildFile; fileRef = 4E5EA0B418F7521D00219035 /* UIKit.framework */; };
		4E5EA0DA18F7521D00219035 /* InfoPlist.strings in Resources */ = {isa = PBXBuildFile; fileRef = 4E5EA0D818F7521D00219035 /* InfoPlist.strings */; };
		4E5EA0DC18F7521D00219035 /* InterestMe2Tests.m in Sources */ = {isa = PBXBuildFile; fileRef = 4E5EA0DB18F7521D00219035 /* InterestMe2Tests.m */; };
		4E5EA0EF18F7527600219035 /* interestMePhoto_9_resized.png in Resources */ = {isa = PBXBuildFile; fileRef = 4E5EA0E618F7527600219035 /* interestMePhoto_9_resized.png */; };
		4E5EA0F018F7527600219035 /* interestMePhoto_1_resized.png in Resources */ = {isa = PBXBuildFile; fileRef = 4E5EA0E718F7527600219035 /* interestMePhoto_1_resized.png */; };
		4E5EA0F118F7527600219035 /* interestMePhoto_8_resized.png in Resources */ = {isa = PBXBuildFile; fileRef = 4E5EA0E818F7527600219035 /* interestMePhoto_8_resized.png */; };
		4E5EA0F218F7527600219035 /* interestMePhoto_7_resized.png in Resources */ = {isa = PBXBuildFile; fileRef = 4E5EA0E918F7527600219035 /* interestMePhoto_7_resized.png */; };
		4E5EA0F318F7527600219035 /* interestMePhoto_4_resized.png in Resources */ = {isa = PBXBuildFile; fileRef = 4E5EA0EA18F7527600219035 /* interestMePhoto_4_resized.png */; };
		4E5EA0F418F7527600219035 /* interestMePhoto_3_resized.png in Resources */ = {isa = PBXBuildFile; fileRef = 4E5EA0EB18F7527600219035 /* interestMePhoto_3_resized.png */; };
		4E5EA0F518F7527600219035 /* interestMePhoto_2_resized.png in Resources */ = {isa = PBXBuildFile; fileRef = 4E5EA0EC18F7527600219035 /* interestMePhoto_2_resized.png */; };
		4E5EA0F618F7527600219035 /* interestMePhoto_6_resized.png in Resources */ = {isa = PBXBuildFile; fileRef = 4E5EA0ED18F7527600219035 /* interestMePhoto_6_resized.png */; };
		4E5EA0F718F7527600219035 /* interestMePhoto_5_resized.png in Resources */ = {isa = PBXBuildFile; fileRef = 4E5EA0EE18F7527600219035 /* interestMePhoto_5_resized.png */; };
		4E66A795191B122E008599C5 /* FullScreenViewController.m in Sources */ = {isa = PBXBuildFile; fileRef = 4E66A794191B122E008599C5 /* FullScreenViewController.m */; };
		4E9A8B89195CDE1300C0AA7A /* sms_icon.png in Resources */ = {isa = PBXBuildFile; fileRef = 4E9A8B85195CDE1300C0AA7A /* sms_icon.png */; };
		4E9A8B8A195CDE1300C0AA7A /* mail_icon.png in Resources */ = {isa = PBXBuildFile; fileRef = 4E9A8B86195CDE1300C0AA7A /* mail_icon.png */; };
		4E9A8B8B195CDE1300C0AA7A /* twitter_icon.png in Resources */ = {isa = PBXBuildFile; fileRef = 4E9A8B87195CDE1300C0AA7A /* twitter_icon.png */; };
		4E9A8B8C195CDE1300C0AA7A /* fb_icon.png in Resources */ = {isa = PBXBuildFile; fileRef = 4E9A8B88195CDE1300C0AA7A /* fb_icon.png */; };
		4E9DCFD5194133B1000C4C2F /* interestMe_logo2_57.png in Resources */ = {isa = PBXBuildFile; fileRef = 4E9DCFD3194133B1000C4C2F /* interestMe_logo2_57.png */; };
		4E9DCFD6194133B1000C4C2F /* interestMe_logo2_114.png in Resources */ = {isa = PBXBuildFile; fileRef = 4E9DCFD4194133B1000C4C2F /* interestMe_logo2_114.png */; };
		4E9DCFD819413471000C4C2F /* interestMe_logo2_120.png in Resources */ = {isa = PBXBuildFile; fileRef = 4E9DCFD719413471000C4C2F /* interestMe_logo2_120.png */; };
		4E9DCFDA194173C7000C4C2F /* interestBoardButton1.png in Resources */ = {isa = PBXBuildFile; fileRef = 4E9DCFD9194173C7000C4C2F /* interestBoardButton1.png */; };
		4E9DCFE019423F7A000C4C2F /* PolaroidCollectionViewCell.m in Sources */ = {isa = PBXBuildFile; fileRef = 4E9DCFDD19423F7A000C4C2F /* PolaroidCollectionViewCell.m */; };
		4E9DCFE119423F7A000C4C2F /* PolaroidCollectionViewController.m in Sources */ = {isa = PBXBuildFile; fileRef = 4E9DCFDF19423F7A000C4C2F /* PolaroidCollectionViewController.m */; };
		4E9E724B193A6FB800F1A6C2 /* PolaroidCardView.m in Sources */ = {isa = PBXBuildFile; fileRef = 4E9E724A193A6FB800F1A6C2 /* PolaroidCardView.m */; };
		4E9E72A9193ED8D500F1A6C2 /* MessageUI.framework in Frameworks */ = {isa = PBXBuildFile; fileRef = 4E9E72A8193ED8D500F1A6C2 /* MessageUI.framework */; };
		4E9E72F1193FAD3600F1A6C2 /* 3395428376b68f5109460a9a33e1f0e0.jpg in Resources */ = {isa = PBXBuildFile; fileRef = 4E9E72AC193FAD3600F1A6C2 /* 3395428376b68f5109460a9a33e1f0e0.jpg */; };
		4E9E72F2193FAD3600F1A6C2 /* 4f9f976730766fc91510f9a6d9e890d0.jpg in Resources */ = {isa = PBXBuildFile; fileRef = 4E9E72AD193FAD3600F1A6C2 /* 4f9f976730766fc91510f9a6d9e890d0.jpg */; };
		4E9E72F3193FAD3600F1A6C2 /* 657b07d37e88783c19332ef6c530bf00.jpg in Resources */ = {isa = PBXBuildFile; fileRef = 4E9E72AE193FAD3600F1A6C2 /* 657b07d37e88783c19332ef6c530bf00.jpg */; };
		4E9E72F4193FAD3600F1A6C2 /* cd3736dbd5d56a9bdf08421196c2b404.jpg in Resources */ = {isa = PBXBuildFile; fileRef = 4E9E72AF193FAD3600F1A6C2 /* cd3736dbd5d56a9bdf08421196c2b404.jpg */; };
		4E9E72F5193FAD3600F1A6C2 /* fbf7ac0a15de4d90cce6d1d4158817af.jpg in Resources */ = {isa = PBXBuildFile; fileRef = 4E9E72B0193FAD3600F1A6C2 /* fbf7ac0a15de4d90cce6d1d4158817af.jpg */; };
		4E9E72F7193FAD3600F1A6C2 /* 550bc8adf0631391759da352b3aa5344.jpg in Resources */ = {isa = PBXBuildFile; fileRef = 4E9E72B4193FAD3600F1A6C2 /* 550bc8adf0631391759da352b3aa5344.jpg */; };
		4E9E72F8193FAD3600F1A6C2 /* a1c9a3e2a570151f2351aa1ca72e4629.jpg in Resources */ = {isa = PBXBuildFile; fileRef = 4E9E72B5193FAD3600F1A6C2 /* a1c9a3e2a570151f2351aa1ca72e4629.jpg */; };
		4E9E72F9193FAD3600F1A6C2 /* cd06c6d68cbb6266fc05080dcbcbaafd.jpg in Resources */ = {isa = PBXBuildFile; fileRef = 4E9E72B6193FAD3600F1A6C2 /* cd06c6d68cbb6266fc05080dcbcbaafd.jpg */; };
		4E9E72FA193FAD3600F1A6C2 /* d133480af0706f52f961ee363dc6fb63.jpg in Resources */ = {isa = PBXBuildFile; fileRef = 4E9E72B7193FAD3600F1A6C2 /* d133480af0706f52f961ee363dc6fb63.jpg */; };
		4E9E72FB193FAD3600F1A6C2 /* d2e4a2dfed82757e21cb4fa52af55dc4.jpg in Resources */ = {isa = PBXBuildFile; fileRef = 4E9E72B8193FAD3600F1A6C2 /* d2e4a2dfed82757e21cb4fa52af55dc4.jpg */; };
		4E9E72FC193FAD3600F1A6C2 /* ff8f9f3df4eca006aebb06c028f35aca.jpg in Resources */ = {isa = PBXBuildFile; fileRef = 4E9E72B9193FAD3600F1A6C2 /* ff8f9f3df4eca006aebb06c028f35aca.jpg */; };
		4E9E72FF193FAD3600F1A6C2 /* 66bbf6e5d0e51496b5a1dc015a87dd9f.jpg in Resources */ = {isa = PBXBuildFile; fileRef = 4E9E72BE193FAD3600F1A6C2 /* 66bbf6e5d0e51496b5a1dc015a87dd9f.jpg */; };
		4E9E7300193FAD3600F1A6C2 /* fcab4f4dd1b44d9570886d844d344398.jpg in Resources */ = {isa = PBXBuildFile; fileRef = 4E9E72BF193FAD3600F1A6C2 /* fcab4f4dd1b44d9570886d844d344398.jpg */; };
		4E9E7301193FAD3600F1A6C2 /* fde0dbb18fc3ef85cdd9cefae81a2cec.jpg in Resources */ = {isa = PBXBuildFile; fileRef = 4E9E72C0193FAD3600F1A6C2 /* fde0dbb18fc3ef85cdd9cefae81a2cec.jpg */; };
		4E9E7302193FAD3600F1A6C2 /* fdeb6ef8e3fc66a849f1b95deada8729.jpg in Resources */ = {isa = PBXBuildFile; fileRef = 4E9E72C1193FAD3600F1A6C2 /* fdeb6ef8e3fc66a849f1b95deada8729.jpg */; };
		4E9E7303193FAD3600F1A6C2 /* fe1e5425997a4ad0eea9e36d1a0a29a0.jpg in Resources */ = {isa = PBXBuildFile; fileRef = 4E9E72C2193FAD3600F1A6C2 /* fe1e5425997a4ad0eea9e36d1a0a29a0.jpg */; };
		4E9E7307193FAD3600F1A6C2 /* 864076816345aa615d572ebf1d3f9108.jpg in Resources */ = {isa = PBXBuildFile; fileRef = 4E9E72CA193FAD3600F1A6C2 /* 864076816345aa615d572ebf1d3f9108.jpg */; };
		4E9E7308193FAD3600F1A6C2 /* 8df71e52915e3f182e5149ac1d5fbd8b.jpg in Resources */ = {isa = PBXBuildFile; fileRef = 4E9E72CB193FAD3600F1A6C2 /* 8df71e52915e3f182e5149ac1d5fbd8b.jpg */; };
		4E9E7309193FAD3600F1A6C2 /* b42cbe7c72d60da25eede69c4e5493d2.jpg in Resources */ = {isa = PBXBuildFile; fileRef = 4E9E72CC193FAD3600F1A6C2 /* b42cbe7c72d60da25eede69c4e5493d2.jpg */; };
		4E9E730A193FAD3600F1A6C2 /* d541d918abd0f63893face29a155d39b.jpg in Resources */ = {isa = PBXBuildFile; fileRef = 4E9E72CD193FAD3600F1A6C2 /* d541d918abd0f63893face29a155d39b.jpg */; };
		4E9E730B193FAD3600F1A6C2 /* e42fdb717c6fc1245ddd526fefac545a.jpg in Resources */ = {isa = PBXBuildFile; fileRef = 4E9E72CE193FAD3600F1A6C2 /* e42fdb717c6fc1245ddd526fefac545a.jpg */; };
		4E9E7327193FAD9200F1A6C2 /* interestme_jobs_splashscreen.png in Resources */ = {isa = PBXBuildFile; fileRef = 4E9E7326193FAD9200F1A6C2 /* interestme_jobs_splashscreen.png */; };
		4EB9398A195BBC3F00E17FE8 /* User.m in Sources */ = {isa = PBXBuildFile; fileRef = 4EB93989195BBC3F00E17FE8 /* User.m */; };
		4EB9398D195C67E600E17FE8 /* Polaroid.m in Sources */ = {isa = PBXBuildFile; fileRef = 4EB9398C195C67E600E17FE8 /* Polaroid.m */; };
		4EB93993195C729B00E17FE8 /* TestVC.m in Sources */ = {isa = PBXBuildFile; fileRef = 4EB93992195C729B00E17FE8 /* TestVC.m */; };
		4EB93996195CAEFB00E17FE8 /* DrawerVertical.m in Sources */ = {isa = PBXBuildFile; fileRef = 4EB93995195CAEFB00E17FE8 /* DrawerVertical.m */; };
		4EBE384E18FB0288006E7596 /* interestMe_logo2.png in Resources */ = {isa = PBXBuildFile; fileRef = 4EBE384D18FB0288006E7596 /* interestMe_logo2.png */; };
		4EBE385218FB036D006E7596 /* interestMe_logo2_29.png in Resources */ = {isa = PBXBuildFile; fileRef = 4EBE384F18FB036D006E7596 /* interestMe_logo2_29.png */; };
		4EBE385318FB036D006E7596 /* interestMe_logo2_40.png in Resources */ = {isa = PBXBuildFile; fileRef = 4EBE385018FB036D006E7596 /* interestMe_logo2_40.png */; };
		4EBE385418FB036D006E7596 /* interestMe_logo2_60.png in Resources */ = {isa = PBXBuildFile; fileRef = 4EBE385118FB036D006E7596 /* interestMe_logo2_60.png */; };
		4EC98DA31943E60600EDE129 /* PolaroidDatabase.m in Sources */ = {isa = PBXBuildFile; fileRef = 4EC98DA21943E60600EDE129 /* PolaroidDatabase.m */; };
		4EC98DA71943E66D00EDE129 /* FlickrFetcher.m in Sources */ = {isa = PBXBuildFile; fileRef = 4EC98DA61943E66D00EDE129 /* FlickrFetcher.m */; };
		4EC98DAA1943E6FD00EDE129 /* CoreDataTableViewController.m in Sources */ = {isa = PBXBuildFile; fileRef = 4EC98DA91943E6FD00EDE129 /* CoreDataTableViewController.m */; };
/* End PBXBuildFile section */

/* Begin PBXContainerItemProxy section */
		4E5EA0D318F7521D00219035 /* PBXContainerItemProxy */ = {
			isa = PBXContainerItemProxy;
			containerPortal = 4E5EA0A518F7521D00219035 /* Project object */;
			proxyType = 1;
			remoteGlobalIDString = 4E5EA0AC18F7521D00219035;
			remoteInfo = InterestMe2;
		};
/* End PBXContainerItemProxy section */

/* Begin PBXFileReference section */
		4E334C31193FB01700974A26 /* SettingsTVC.h */ = {isa = PBXFileReference; fileEncoding = 4; lastKnownFileType = sourcecode.c.h; path = SettingsTVC.h; sourceTree = "<group>"; };
		4E334C32193FB01700974A26 /* SettingsTVC.m */ = {isa = PBXFileReference; fileEncoding = 4; lastKnownFileType = sourcecode.c.objc; path = SettingsTVC.m; sourceTree = "<group>"; };
		4E334C43193FB07C00974A26 /* main.m */ = {isa = PBXFileReference; fileEncoding = 4; lastKnownFileType = sourcecode.c.objc; path = main.m; sourceTree = "<group>"; };
		4E334C46193FB09900974A26 /* InterestMe2-Prefix.pch */ = {isa = PBXFileReference; fileEncoding = 4; lastKnownFileType = sourcecode.c.h; path = "InterestMe2-Prefix.pch"; sourceTree = "<group>"; };
		4E334C49193FB33D00974A26 /* ImageContentModel.xcdatamodel */ = {isa = PBXFileReference; lastKnownFileType = wrapper.xcdatamodel; path = ImageContentModel.xcdatamodel; sourceTree = "<group>"; };
		4E334C4B193FDB3D00974A26 /* interestMe_logo2_58.png */ = {isa = PBXFileReference; lastKnownFileType = image.png; path = interestMe_logo2_58.png; sourceTree = "<group>"; };
		4E46E27C19369819009A5FFF /* Polaroid+AddOn.h */ = {isa = PBXFileReference; fileEncoding = 4; lastKnownFileType = sourcecode.c.h; path = "Polaroid+AddOn.h"; sourceTree = "<group>"; };
		4E46E27D19369819009A5FFF /* Polaroid+AddOn.m */ = {isa = PBXFileReference; fileEncoding = 4; lastKnownFileType = sourcecode.c.objc; path = "Polaroid+AddOn.m"; sourceTree = "<group>"; };
		4E4B270918FE103300958FBF /* interestSettingsButton.png */ = {isa = PBXFileReference; lastKnownFileType = image.png; path = interestSettingsButton.png; sourceTree = "<group>"; };
		4E4B270B18FE112C00958FBF /* interestBoardButton.png */ = {isa = PBXFileReference; lastKnownFileType = image.png; path = interestBoardButton.png; sourceTree = "<group>"; };
		4E4B270D18FE135E00958FBF /* interestMeTitle.png */ = {isa = PBXFileReference; lastKnownFileType = image.png; path = interestMeTitle.png; sourceTree = "<group>"; };
		4E5EA0AD18F7521D00219035 /* InterestMe2.app */ = {isa = PBXFileReference; explicitFileType = wrapper.application; includeInIndex = 0; path = InterestMe2.app; sourceTree = BUILT_PRODUCTS_DIR; };
		4E5EA0B018F7521D00219035 /* Foundation.framework */ = {isa = PBXFileReference; lastKnownFileType = wrapper.framework; name = Foundation.framework; path = System/Library/Frameworks/Foundation.framework; sourceTree = SDKROOT; };
		4E5EA0B218F7521D00219035 /* CoreGraphics.framework */ = {isa = PBXFileReference; lastKnownFileType = wrapper.framework; name = CoreGraphics.framework; path = System/Library/Frameworks/CoreGraphics.framework; sourceTree = SDKROOT; };
		4E5EA0B418F7521D00219035 /* UIKit.framework */ = {isa = PBXFileReference; lastKnownFileType = wrapper.framework; name = UIKit.framework; path = System/Library/Frameworks/UIKit.framework; sourceTree = SDKROOT; };
		4E5EA0BF18F7521D00219035 /* CDWAppDelegate.h */ = {isa = PBXFileReference; lastKnownFileType = sourcecode.c.h; path = CDWAppDelegate.h; sourceTree = "<group>"; };
		4E5EA0C018F7521D00219035 /* CDWAppDelegate.m */ = {isa = PBXFileReference; lastKnownFileType = sourcecode.c.objc; path = CDWAppDelegate.m; sourceTree = "<group>"; };
		4E5EA0C318F7521D00219035 /* Base */ = {isa = PBXFileReference; lastKnownFileType = file.storyboard; name = Base; path = Base.lproj/Main.storyboard; sourceTree = "<group>"; };
		4E5EA0C518F7521D00219035 /* DraggableViewController.h */ = {isa = PBXFileReference; lastKnownFileType = sourcecode.c.h; path = DraggableViewController.h; sourceTree = "<group>"; };
		4E5EA0C618F7521D00219035 /* DraggableViewController.m */ = {isa = PBXFileReference; lastKnownFileType = sourcecode.c.objc; path = DraggableViewController.m; sourceTree = "<group>"; };
		4E5EA0C818F7521D00219035 /* Images.xcassets */ = {isa = PBXFileReference; lastKnownFileType = folder.assetcatalog; path = Images.xcassets; sourceTree = "<group>"; };
		4E5EA0CE18F7521D00219035 /* InterestMe2Tests.xctest */ = {isa = PBXFileReference; explicitFileType = wrapper.cfbundle; includeInIndex = 0; path = InterestMe2Tests.xctest; sourceTree = BUILT_PRODUCTS_DIR; };
		4E5EA0CF18F7521D00219035 /* XCTest.framework */ = {isa = PBXFileReference; lastKnownFileType = wrapper.framework; name = XCTest.framework; path = Library/Frameworks/XCTest.framework; sourceTree = DEVELOPER_DIR; };
		4E5EA0D718F7521D00219035 /* InterestMe2Tests-Info.plist */ = {isa = PBXFileReference; lastKnownFileType = text.plist.xml; path = "InterestMe2Tests-Info.plist"; sourceTree = "<group>"; };
		4E5EA0D918F7521D00219035 /* en */ = {isa = PBXFileReference; lastKnownFileType = text.plist.strings; name = en; path = en.lproj/InfoPlist.strings; sourceTree = "<group>"; };
		4E5EA0DB18F7521D00219035 /* InterestMe2Tests.m */ = {isa = PBXFileReference; lastKnownFileType = sourcecode.c.objc; path = InterestMe2Tests.m; sourceTree = "<group>"; };
		4E5EA0E618F7527600219035 /* interestMePhoto_9_resized.png */ = {isa = PBXFileReference; lastKnownFileType = image.png; path = interestMePhoto_9_resized.png; sourceTree = "<group>"; };
		4E5EA0E718F7527600219035 /* interestMePhoto_1_resized.png */ = {isa = PBXFileReference; lastKnownFileType = image.png; path = interestMePhoto_1_resized.png; sourceTree = "<group>"; };
		4E5EA0E818F7527600219035 /* interestMePhoto_8_resized.png */ = {isa = PBXFileReference; lastKnownFileType = image.png; path = interestMePhoto_8_resized.png; sourceTree = "<group>"; };
		4E5EA0E918F7527600219035 /* interestMePhoto_7_resized.png */ = {isa = PBXFileReference; lastKnownFileType = image.png; path = interestMePhoto_7_resized.png; sourceTree = "<group>"; };
		4E5EA0EA18F7527600219035 /* interestMePhoto_4_resized.png */ = {isa = PBXFileReference; lastKnownFileType = image.png; path = interestMePhoto_4_resized.png; sourceTree = "<group>"; };
		4E5EA0EB18F7527600219035 /* interestMePhoto_3_resized.png */ = {isa = PBXFileReference; lastKnownFileType = image.png; path = interestMePhoto_3_resized.png; sourceTree = "<group>"; };
		4E5EA0EC18F7527600219035 /* interestMePhoto_2_resized.png */ = {isa = PBXFileReference; lastKnownFileType = image.png; path = interestMePhoto_2_resized.png; sourceTree = "<group>"; };
		4E5EA0ED18F7527600219035 /* interestMePhoto_6_resized.png */ = {isa = PBXFileReference; lastKnownFileType = image.png; path = interestMePhoto_6_resized.png; sourceTree = "<group>"; };
		4E5EA0EE18F7527600219035 /* interestMePhoto_5_resized.png */ = {isa = PBXFileReference; lastKnownFileType = image.png; path = interestMePhoto_5_resized.png; sourceTree = "<group>"; };
		4E66A793191B122E008599C5 /* FullScreenViewController.h */ = {isa = PBXFileReference; fileEncoding = 4; lastKnownFileType = sourcecode.c.h; path = FullScreenViewController.h; sourceTree = "<group>"; };
		4E66A794191B122E008599C5 /* FullScreenViewController.m */ = {isa = PBXFileReference; fileEncoding = 4; lastKnownFileType = sourcecode.c.objc; path = FullScreenViewController.m; sourceTree = "<group>"; };
		4E9A8B85195CDE1300C0AA7A /* sms_icon.png */ = {isa = PBXFileReference; lastKnownFileType = image.png; path = sms_icon.png; sourceTree = "<group>"; };
		4E9A8B86195CDE1300C0AA7A /* mail_icon.png */ = {isa = PBXFileReference; lastKnownFileType = image.png; path = mail_icon.png; sourceTree = "<group>"; };
		4E9A8B87195CDE1300C0AA7A /* twitter_icon.png */ = {isa = PBXFileReference; lastKnownFileType = image.png; path = twitter_icon.png; sourceTree = "<group>"; };
		4E9A8B88195CDE1300C0AA7A /* fb_icon.png */ = {isa = PBXFileReference; lastKnownFileType = image.png; path = fb_icon.png; sourceTree = "<group>"; };
		4E9DCFD3194133B1000C4C2F /* interestMe_logo2_57.png */ = {isa = PBXFileReference; lastKnownFileType = image.png; path = interestMe_logo2_57.png; sourceTree = "<group>"; };
		4E9DCFD4194133B1000C4C2F /* interestMe_logo2_114.png */ = {isa = PBXFileReference; lastKnownFileType = image.png; path = interestMe_logo2_114.png; sourceTree = "<group>"; };
		4E9DCFD719413471000C4C2F /* interestMe_logo2_120.png */ = {isa = PBXFileReference; lastKnownFileType = image.png; path = interestMe_logo2_120.png; sourceTree = "<group>"; };
		4E9DCFD9194173C7000C4C2F /* interestBoardButton1.png */ = {isa = PBXFileReference; lastKnownFileType = image.png; path = interestBoardButton1.png; sourceTree = "<group>"; };
		4E9DCFDC19423F7A000C4C2F /* PolaroidCollectionViewCell.h */ = {isa = PBXFileReference; fileEncoding = 4; lastKnownFileType = sourcecode.c.h; path = PolaroidCollectionViewCell.h; sourceTree = "<group>"; };
		4E9DCFDD19423F7A000C4C2F /* PolaroidCollectionViewCell.m */ = {isa = PBXFileReference; fileEncoding = 4; lastKnownFileType = sourcecode.c.objc; path = PolaroidCollectionViewCell.m; sourceTree = "<group>"; };
		4E9DCFDE19423F7A000C4C2F /* PolaroidCollectionViewController.h */ = {isa = PBXFileReference; fileEncoding = 4; lastKnownFileType = sourcecode.c.h; path = PolaroidCollectionViewController.h; sourceTree = "<group>"; };
		4E9DCFDF19423F7A000C4C2F /* PolaroidCollectionViewController.m */ = {isa = PBXFileReference; fileEncoding = 4; lastKnownFileType = sourcecode.c.objc; path = PolaroidCollectionViewController.m; sourceTree = "<group>"; };
		4E9E7249193A6FB800F1A6C2 /* PolaroidCardView.h */ = {isa = PBXFileReference; fileEncoding = 4; lastKnownFileType = sourcecode.c.h; path = PolaroidCardView.h; sourceTree = "<group>"; };
		4E9E724A193A6FB800F1A6C2 /* PolaroidCardView.m */ = {isa = PBXFileReference; fileEncoding = 4; lastKnownFileType = sourcecode.c.objc; path = PolaroidCardView.m; sourceTree = "<group>"; };
		4E9E72A8193ED8D500F1A6C2 /* MessageUI.framework */ = {isa = PBXFileReference; lastKnownFileType = wrapper.framework; name = MessageUI.framework; path = System/Library/Frameworks/MessageUI.framework; sourceTree = SDKROOT; };
		4E9E72AC193FAD3600F1A6C2 /* 3395428376b68f5109460a9a33e1f0e0.jpg */ = {isa = PBXFileReference; lastKnownFileType = image.jpeg; path = 3395428376b68f5109460a9a33e1f0e0.jpg; sourceTree = "<group>"; };
		4E9E72AD193FAD3600F1A6C2 /* 4f9f976730766fc91510f9a6d9e890d0.jpg */ = {isa = PBXFileReference; lastKnownFileType = image.jpeg; path = 4f9f976730766fc91510f9a6d9e890d0.jpg; sourceTree = "<group>"; };
		4E9E72AE193FAD3600F1A6C2 /* 657b07d37e88783c19332ef6c530bf00.jpg */ = {isa = PBXFileReference; lastKnownFileType = image.jpeg; path = 657b07d37e88783c19332ef6c530bf00.jpg; sourceTree = "<group>"; };
		4E9E72AF193FAD3600F1A6C2 /* cd3736dbd5d56a9bdf08421196c2b404.jpg */ = {isa = PBXFileReference; lastKnownFileType = image.jpeg; path = cd3736dbd5d56a9bdf08421196c2b404.jpg; sourceTree = "<group>"; };
		4E9E72B0193FAD3600F1A6C2 /* fbf7ac0a15de4d90cce6d1d4158817af.jpg */ = {isa = PBXFileReference; lastKnownFileType = image.jpeg; path = fbf7ac0a15de4d90cce6d1d4158817af.jpg; sourceTree = "<group>"; };
		4E9E72B4193FAD3600F1A6C2 /* 550bc8adf0631391759da352b3aa5344.jpg */ = {isa = PBXFileReference; lastKnownFileType = image.jpeg; path = 550bc8adf0631391759da352b3aa5344.jpg; sourceTree = "<group>"; };
		4E9E72B5193FAD3600F1A6C2 /* a1c9a3e2a570151f2351aa1ca72e4629.jpg */ = {isa = PBXFileReference; lastKnownFileType = image.jpeg; path = a1c9a3e2a570151f2351aa1ca72e4629.jpg; sourceTree = "<group>"; };
		4E9E72B6193FAD3600F1A6C2 /* cd06c6d68cbb6266fc05080dcbcbaafd.jpg */ = {isa = PBXFileReference; lastKnownFileType = image.jpeg; path = cd06c6d68cbb6266fc05080dcbcbaafd.jpg; sourceTree = "<group>"; };
		4E9E72B7193FAD3600F1A6C2 /* d133480af0706f52f961ee363dc6fb63.jpg */ = {isa = PBXFileReference; lastKnownFileType = image.jpeg; path = d133480af0706f52f961ee363dc6fb63.jpg; sourceTree = "<group>"; };
		4E9E72B8193FAD3600F1A6C2 /* d2e4a2dfed82757e21cb4fa52af55dc4.jpg */ = {isa = PBXFileReference; lastKnownFileType = image.jpeg; path = d2e4a2dfed82757e21cb4fa52af55dc4.jpg; sourceTree = "<group>"; };
		4E9E72B9193FAD3600F1A6C2 /* ff8f9f3df4eca006aebb06c028f35aca.jpg */ = {isa = PBXFileReference; lastKnownFileType = image.jpeg; path = ff8f9f3df4eca006aebb06c028f35aca.jpg; sourceTree = "<group>"; };
		4E9E72BE193FAD3600F1A6C2 /* 66bbf6e5d0e51496b5a1dc015a87dd9f.jpg */ = {isa = PBXFileReference; lastKnownFileType = image.jpeg; path = 66bbf6e5d0e51496b5a1dc015a87dd9f.jpg; sourceTree = "<group>"; };
		4E9E72BF193FAD3600F1A6C2 /* fcab4f4dd1b44d9570886d844d344398.jpg */ = {isa = PBXFileReference; lastKnownFileType = image.jpeg; path = fcab4f4dd1b44d9570886d844d344398.jpg; sourceTree = "<group>"; };
		4E9E72C0193FAD3600F1A6C2 /* fde0dbb18fc3ef85cdd9cefae81a2cec.jpg */ = {isa = PBXFileReference; lastKnownFileType = image.jpeg; path = fde0dbb18fc3ef85cdd9cefae81a2cec.jpg; sourceTree = "<group>"; };
		4E9E72C1193FAD3600F1A6C2 /* fdeb6ef8e3fc66a849f1b95deada8729.jpg */ = {isa = PBXFileReference; lastKnownFileType = image.jpeg; path = fdeb6ef8e3fc66a849f1b95deada8729.jpg; sourceTree = "<group>"; };
		4E9E72C2193FAD3600F1A6C2 /* fe1e5425997a4ad0eea9e36d1a0a29a0.jpg */ = {isa = PBXFileReference; lastKnownFileType = image.jpeg; path = fe1e5425997a4ad0eea9e36d1a0a29a0.jpg; sourceTree = "<group>"; };
		4E9E72CA193FAD3600F1A6C2 /* 864076816345aa615d572ebf1d3f9108.jpg */ = {isa = PBXFileReference; lastKnownFileType = image.jpeg; path = 864076816345aa615d572ebf1d3f9108.jpg; sourceTree = "<group>"; };
		4E9E72CB193FAD3600F1A6C2 /* 8df71e52915e3f182e5149ac1d5fbd8b.jpg */ = {isa = PBXFileReference; lastKnownFileType = image.jpeg; path = 8df71e52915e3f182e5149ac1d5fbd8b.jpg; sourceTree = "<group>"; };
		4E9E72CC193FAD3600F1A6C2 /* b42cbe7c72d60da25eede69c4e5493d2.jpg */ = {isa = PBXFileReference; lastKnownFileType = image.jpeg; path = b42cbe7c72d60da25eede69c4e5493d2.jpg; sourceTree = "<group>"; };
		4E9E72CD193FAD3600F1A6C2 /* d541d918abd0f63893face29a155d39b.jpg */ = {isa = PBXFileReference; lastKnownFileType = image.jpeg; path = d541d918abd0f63893face29a155d39b.jpg; sourceTree = "<group>"; };
		4E9E72CE193FAD3600F1A6C2 /* e42fdb717c6fc1245ddd526fefac545a.jpg */ = {isa = PBXFileReference; lastKnownFileType = image.jpeg; path = e42fdb717c6fc1245ddd526fefac545a.jpg; sourceTree = "<group>"; };
		4E9E7326193FAD9200F1A6C2 /* interestme_jobs_splashscreen.png */ = {isa = PBXFileReference; lastKnownFileType = image.png; path = interestme_jobs_splashscreen.png; sourceTree = "<group>"; };
		4EB93988195BBC3F00E17FE8 /* User.h */ = {isa = PBXFileReference; fileEncoding = 4; lastKnownFileType = sourcecode.c.h; path = User.h; sourceTree = "<group>"; };
		4EB93989195BBC3F00E17FE8 /* User.m */ = {isa = PBXFileReference; fileEncoding = 4; lastKnownFileType = sourcecode.c.objc; path = User.m; sourceTree = "<group>"; };
		4EB9398B195C67E600E17FE8 /* Polaroid.h */ = {isa = PBXFileReference; fileEncoding = 4; lastKnownFileType = sourcecode.c.h; path = Polaroid.h; sourceTree = "<group>"; };
		4EB9398C195C67E600E17FE8 /* Polaroid.m */ = {isa = PBXFileReference; fileEncoding = 4; lastKnownFileType = sourcecode.c.objc; path = Polaroid.m; sourceTree = "<group>"; };
		4EB93991195C729B00E17FE8 /* TestVC.h */ = {isa = PBXFileReference; fileEncoding = 4; lastKnownFileType = sourcecode.c.h; path = TestVC.h; sourceTree = "<group>"; };
		4EB93992195C729B00E17FE8 /* TestVC.m */ = {isa = PBXFileReference; fileEncoding = 4; lastKnownFileType = sourcecode.c.objc; path = TestVC.m; sourceTree = "<group>"; };
		4EB93994195CAEFB00E17FE8 /* DrawerVertical.h */ = {isa = PBXFileReference; fileEncoding = 4; lastKnownFileType = sourcecode.c.h; path = DrawerVertical.h; sourceTree = "<group>"; };
		4EB93995195CAEFB00E17FE8 /* DrawerVertical.m */ = {isa = PBXFileReference; fileEncoding = 4; lastKnownFileType = sourcecode.c.objc; path = DrawerVertical.m; sourceTree = "<group>"; };
		4EBE384D18FB0288006E7596 /* interestMe_logo2.png */ = {isa = PBXFileReference; lastKnownFileType = image.png; path = interestMe_logo2.png; sourceTree = "<group>"; };
		4EBE384F18FB036D006E7596 /* interestMe_logo2_29.png */ = {isa = PBXFileReference; lastKnownFileType = image.png; path = interestMe_logo2_29.png; sourceTree = "<group>"; };
		4EBE385018FB036D006E7596 /* interestMe_logo2_40.png */ = {isa = PBXFileReference; lastKnownFileType = image.png; path = interestMe_logo2_40.png; sourceTree = "<group>"; };
		4EBE385118FB036D006E7596 /* interestMe_logo2_60.png */ = {isa = PBXFileReference; lastKnownFileType = image.png; path = interestMe_logo2_60.png; sourceTree = "<group>"; };
		4EC98DA11943E60600EDE129 /* PolaroidDatabase.h */ = {isa = PBXFileReference; fileEncoding = 4; lastKnownFileType = sourcecode.c.h; path = PolaroidDatabase.h; sourceTree = "<group>"; };
		4EC98DA21943E60600EDE129 /* PolaroidDatabase.m */ = {isa = PBXFileReference; fileEncoding = 4; lastKnownFileType = sourcecode.c.objc; path = PolaroidDatabase.m; sourceTree = "<group>"; };
		4EC98DA41943E66D00EDE129 /* FlickrAPIKey.h */ = {isa = PBXFileReference; fileEncoding = 4; lastKnownFileType = sourcecode.c.h; path = FlickrAPIKey.h; sourceTree = "<group>"; };
		4EC98DA51943E66D00EDE129 /* FlickrFetcher.h */ = {isa = PBXFileReference; fileEncoding = 4; lastKnownFileType = sourcecode.c.h; path = FlickrFetcher.h; sourceTree = "<group>"; };
		4EC98DA61943E66D00EDE129 /* FlickrFetcher.m */ = {isa = PBXFileReference; fileEncoding = 4; lastKnownFileType = sourcecode.c.objc; path = FlickrFetcher.m; sourceTree = "<group>"; };
		4EC98DA81943E6FD00EDE129 /* CoreDataTableViewController.h */ = {isa = PBXFileReference; fileEncoding = 4; lastKnownFileType = sourcecode.c.h; path = CoreDataTableViewController.h; sourceTree = "<group>"; };
		4EC98DA91943E6FD00EDE129 /* CoreDataTableViewController.m */ = {isa = PBXFileReference; fileEncoding = 4; lastKnownFileType = sourcecode.c.objc; path = CoreDataTableViewController.m; sourceTree = "<group>"; };
/* End PBXFileReference section */

/* Begin PBXFrameworksBuildPhase section */
		4E5EA0AA18F7521D00219035 /* Frameworks */ = {
			isa = PBXFrameworksBuildPhase;
			buildActionMask = 2147483647;
			files = (
				4E9E72A9193ED8D500F1A6C2 /* MessageUI.framework in Frameworks */,
				4E5EA0B318F7521D00219035 /* CoreGraphics.framework in Frameworks */,
				4E5EA0B518F7521D00219035 /* UIKit.framework in Frameworks */,
				4E5EA0B118F7521D00219035 /* Foundation.framework in Frameworks */,
			);
			runOnlyForDeploymentPostprocessing = 0;
		};
		4E5EA0CB18F7521D00219035 /* Frameworks */ = {
			isa = PBXFrameworksBuildPhase;
			buildActionMask = 2147483647;
			files = (
				4E5EA0D018F7521D00219035 /* XCTest.framework in Frameworks */,
				4E5EA0D218F7521D00219035 /* UIKit.framework in Frameworks */,
				4E5EA0D118F7521D00219035 /* Foundation.framework in Frameworks */,
			);
			runOnlyForDeploymentPostprocessing = 0;
		};
/* End PBXFrameworksBuildPhase section */

/* Begin PBXGroup section */
		4E46E27F19369832009A5FFF /* DataModel */ = {
			isa = PBXGroup;
			children = (
				4EB93988195BBC3F00E17FE8 /* User.h */,
				4EB93989195BBC3F00E17FE8 /* User.m */,
				4E334C48193FB33D00974A26 /* ImageContentModel.xcdatamodeld */,
				4EB9398B195C67E600E17FE8 /* Polaroid.h */,
				4EB9398C195C67E600E17FE8 /* Polaroid.m */,
			);
			name = DataModel;
			sourceTree = "<group>";
		};
		4E46E28019380576009A5FFF /* Controllers */ = {
			isa = PBXGroup;
			children = (
				4E46E28119380585009A5FFF /* View Controllers */,
				4E9DCFDB19423F5B000C4C2F /* Collection Controller */,
				4E46E2821938059B009A5FFF /* Table Controllers */,
			);
			name = Controllers;
			sourceTree = "<group>";
		};
		4E46E28119380585009A5FFF /* View Controllers */ = {
			isa = PBXGroup;
			children = (
				4E5EA0C518F7521D00219035 /* DraggableViewController.h */,
				4E5EA0C618F7521D00219035 /* DraggableViewController.m */,
				4E66A793191B122E008599C5 /* FullScreenViewController.h */,
				4E66A794191B122E008599C5 /* FullScreenViewController.m */,
				4E9E7298193D341800F1A6C2 /* View Objects */,
			);
			name = "View Controllers";
			sourceTree = "<group>";
		};
		4E46E2821938059B009A5FFF /* Table Controllers */ = {
			isa = PBXGroup;
			children = (
				4E334C31193FB01700974A26 /* SettingsTVC.h */,
				4E334C32193FB01700974A26 /* SettingsTVC.m */,
			);
			name = "Table Controllers";
			sourceTree = "<group>";
		};
		4E5EA0A418F7521D00219035 = {
			isa = PBXGroup;
			children = (
				4E5EA0B618F7521D00219035 /* InterestMe2 */,
				4E5EA0D518F7521D00219035 /* InterestMe2Tests */,
				4E5EA0AF18F7521D00219035 /* Frameworks */,
				4E5EA0AE18F7521D00219035 /* Products */,
			);
			sourceTree = "<group>";
		};
		4E5EA0AE18F7521D00219035 /* Products */ = {
			isa = PBXGroup;
			children = (
				4E5EA0AD18F7521D00219035 /* InterestMe2.app */,
				4E5EA0CE18F7521D00219035 /* InterestMe2Tests.xctest */,
			);
			name = Products;
			sourceTree = "<group>";
		};
		4E5EA0AF18F7521D00219035 /* Frameworks */ = {
			isa = PBXGroup;
			children = (
				4E9E72A8193ED8D500F1A6C2 /* MessageUI.framework */,
				4E5EA0B018F7521D00219035 /* Foundation.framework */,
				4E5EA0B218F7521D00219035 /* CoreGraphics.framework */,
				4E5EA0B418F7521D00219035 /* UIKit.framework */,
				4E5EA0CF18F7521D00219035 /* XCTest.framework */,
			);
			name = Frameworks;
			sourceTree = "<group>";
		};
		4E5EA0B618F7521D00219035 /* InterestMe2 */ = {
			isa = PBXGroup;
			children = (
				4E5EA0C218F7521D00219035 /* Main.storyboard */,
				4EB93991195C729B00E17FE8 /* TestVC.h */,
				4EB93992195C729B00E17FE8 /* TestVC.m */,
				4EB93994195CAEFB00E17FE8 /* DrawerVertical.h */,
				4EB93995195CAEFB00E17FE8 /* DrawerVertical.m */,
				4E46E28019380576009A5FFF /* Controllers */,
				4EA15DDF18F7D61E00F40312 /* CoreData */,
				4E5EA0C818F7521D00219035 /* Images.xcassets */,
				4E5EA0E518F7524700219035 /* Images */,
				4E5EA0B718F7521D00219035 /* Supporting Files */,
			);
			path = InterestMe2;
			sourceTree = "<group>";
		};
		4E5EA0B718F7521D00219035 /* Supporting Files */ = {
			isa = PBXGroup;
			children = (
				4E9E724F193D11D600F1A6C2 /* interestMePhotos */,
				4E9E72AA193FAD3600F1A6C2 /* Test Images */,
				4E9E7296193D308800F1A6C2 /* FlickerFetcher */,
				4E334C43193FB07C00974A26 /* main.m */,
				4E5EA0BF18F7521D00219035 /* CDWAppDelegate.h */,
				4E5EA0C018F7521D00219035 /* CDWAppDelegate.m */,
				4E334C46193FB09900974A26 /* InterestMe2-Prefix.pch */,
			);
			name = "Supporting Files";
			sourceTree = "<group>";
		};
		4E5EA0D518F7521D00219035 /* InterestMe2Tests */ = {
			isa = PBXGroup;
			children = (
				4E5EA0DB18F7521D00219035 /* InterestMe2Tests.m */,
				4E5EA0D618F7521D00219035 /* Supporting Files */,
			);
			path = InterestMe2Tests;
			sourceTree = "<group>";
		};
		4E5EA0D618F7521D00219035 /* Supporting Files */ = {
			isa = PBXGroup;
			children = (
				4E5EA0D718F7521D00219035 /* InterestMe2Tests-Info.plist */,
				4E5EA0D818F7521D00219035 /* InfoPlist.strings */,
			);
			name = "Supporting Files";
			sourceTree = "<group>";
		};
		4E5EA0E518F7524700219035 /* Images */ = {
			isa = PBXGroup;
			children = (
				4E9E7326193FAD9200F1A6C2 /* interestme_jobs_splashscreen.png */,
				4E9DCFE219424C29000C4C2F /* icons */,
				4E9DCFE319424C40000C4C2F /* Navigation Images */,
			);
			name = Images;
			sourceTree = "<group>";
		};
		4E9DCFDB19423F5B000C4C2F /* Collection Controller */ = {
			isa = PBXGroup;
			children = (
				4E9DCFDC19423F7A000C4C2F /* PolaroidCollectionViewCell.h */,
				4E9DCFDD19423F7A000C4C2F /* PolaroidCollectionViewCell.m */,
				4E9DCFDE19423F7A000C4C2F /* PolaroidCollectionViewController.h */,
				4E9DCFDF19423F7A000C4C2F /* PolaroidCollectionViewController.m */,
			);
			name = "Collection Controller";
			sourceTree = "<group>";
		};
		4E9DCFE219424C29000C4C2F /* icons */ = {
			isa = PBXGroup;
			children = (
				4E9DCFD719413471000C4C2F /* interestMe_logo2_120.png */,
				4EBE384F18FB036D006E7596 /* interestMe_logo2_29.png */,
				4E334C4B193FDB3D00974A26 /* interestMe_logo2_58.png */,
				4E9DCFD3194133B1000C4C2F /* interestMe_logo2_57.png */,
				4E9DCFD4194133B1000C4C2F /* interestMe_logo2_114.png */,
				4EBE385018FB036D006E7596 /* interestMe_logo2_40.png */,
				4EBE385118FB036D006E7596 /* interestMe_logo2_60.png */,
				4EBE384D18FB0288006E7596 /* interestMe_logo2.png */,
			);
			name = icons;
			sourceTree = "<group>";
		};
		4E9DCFE319424C40000C4C2F /* Navigation Images */ = {
			isa = PBXGroup;
			children = (
				4E4B270918FE103300958FBF /* interestSettingsButton.png */,
				4E4B270D18FE135E00958FBF /* interestMeTitle.png */,
				4E4B270B18FE112C00958FBF /* interestBoardButton.png */,
				4E9A8B85195CDE1300C0AA7A /* sms_icon.png */,
				4E9A8B86195CDE1300C0AA7A /* mail_icon.png */,
				4E9A8B87195CDE1300C0AA7A /* twitter_icon.png */,
				4E9A8B88195CDE1300C0AA7A /* fb_icon.png */,
				4E9DCFD9194173C7000C4C2F /* interestBoardButton1.png */,
			);
			name = "Navigation Images";
			sourceTree = "<group>";
		};
		4E9E724F193D11D600F1A6C2 /* interestMePhotos */ = {
			isa = PBXGroup;
			children = (
				4E5EA0E718F7527600219035 /* interestMePhoto_1_resized.png */,
				4E5EA0EC18F7527600219035 /* interestMePhoto_2_resized.png */,
				4E5EA0EB18F7527600219035 /* interestMePhoto_3_resized.png */,
				4E5EA0EA18F7527600219035 /* interestMePhoto_4_resized.png */,
				4E5EA0EE18F7527600219035 /* interestMePhoto_5_resized.png */,
				4E5EA0ED18F7527600219035 /* interestMePhoto_6_resized.png */,
				4E5EA0E918F7527600219035 /* interestMePhoto_7_resized.png */,
				4E5EA0E818F7527600219035 /* interestMePhoto_8_resized.png */,
				4E5EA0E618F7527600219035 /* interestMePhoto_9_resized.png */,
			);
			name = interestMePhotos;
			sourceTree = "<group>";
		};
		4E9E728D193D300200F1A6C2 /* CDTVC */ = {
			isa = PBXGroup;
			children = (
				4EC98DA81943E6FD00EDE129 /* CoreDataTableViewController.h */,
				4EC98DA91943E6FD00EDE129 /* CoreDataTableViewController.m */,
			);
			name = CDTVC;
			sourceTree = "<group>";
		};
		4E9E7291193D304100F1A6C2 /* Database */ = {
			isa = PBXGroup;
			children = (
				4EC98DA11943E60600EDE129 /* PolaroidDatabase.h */,
				4EC98DA21943E60600EDE129 /* PolaroidDatabase.m */,
			);
			name = Database;
			sourceTree = "<group>";
		};
		4E9E7296193D308800F1A6C2 /* FlickerFetcher */ = {
			isa = PBXGroup;
			children = (
				4EC98DA41943E66D00EDE129 /* FlickrAPIKey.h */,
				4EC98DA51943E66D00EDE129 /* FlickrFetcher.h */,
				4EC98DA61943E66D00EDE129 /* FlickrFetcher.m */,
			);
			name = FlickerFetcher;
			sourceTree = "<group>";
		};
		4E9E7297193D33EA00F1A6C2 /* Data Functions */ = {
			isa = PBXGroup;
			children = (
				4E46E27C19369819009A5FFF /* Polaroid+AddOn.h */,
				4E46E27D19369819009A5FFF /* Polaroid+AddOn.m */,
			);
			name = "Data Functions";
			sourceTree = "<group>";
		};
		4E9E7298193D341800F1A6C2 /* View Objects */ = {
			isa = PBXGroup;
			children = (
				4E9E7249193A6FB800F1A6C2 /* PolaroidCardView.h */,
				4E9E724A193A6FB800F1A6C2 /* PolaroidCardView.m */,
			);
			name = "View Objects";
			sourceTree = "<group>";
		};
		4E9E72AA193FAD3600F1A6C2 /* Test Images */ = {
			isa = PBXGroup;
			children = (
				4E9E72AB193FAD3600F1A6C2 /* Art */,
				4E9E72B3193FAD3600F1A6C2 /* Cars */,
				4E9E72BD193FAD3600F1A6C2 /* Design */,
				4E9E72C9193FAD3600F1A6C2 /* Homes */,
			);
			name = "Test Images";
			sourceTree = "<group>";
		};
		4E9E72AB193FAD3600F1A6C2 /* Art */ = {
			isa = PBXGroup;
			children = (
				4E9E72AC193FAD3600F1A6C2 /* 3395428376b68f5109460a9a33e1f0e0.jpg */,
				4E9E72AD193FAD3600F1A6C2 /* 4f9f976730766fc91510f9a6d9e890d0.jpg */,
				4E9E72AE193FAD3600F1A6C2 /* 657b07d37e88783c19332ef6c530bf00.jpg */,
				4E9E72AF193FAD3600F1A6C2 /* cd3736dbd5d56a9bdf08421196c2b404.jpg */,
				4E9E72B0193FAD3600F1A6C2 /* fbf7ac0a15de4d90cce6d1d4158817af.jpg */,
			);
			path = Art;
			sourceTree = "<group>";
		};
		4E9E72B3193FAD3600F1A6C2 /* Cars */ = {
			isa = PBXGroup;
			children = (
				4E9E72B4193FAD3600F1A6C2 /* 550bc8adf0631391759da352b3aa5344.jpg */,
				4E9E72B5193FAD3600F1A6C2 /* a1c9a3e2a570151f2351aa1ca72e4629.jpg */,
				4E9E72B6193FAD3600F1A6C2 /* cd06c6d68cbb6266fc05080dcbcbaafd.jpg */,
				4E9E72B7193FAD3600F1A6C2 /* d133480af0706f52f961ee363dc6fb63.jpg */,
				4E9E72B8193FAD3600F1A6C2 /* d2e4a2dfed82757e21cb4fa52af55dc4.jpg */,
				4E9E72B9193FAD3600F1A6C2 /* ff8f9f3df4eca006aebb06c028f35aca.jpg */,
			);
			path = Cars;
			sourceTree = "<group>";
		};
		4E9E72BD193FAD3600F1A6C2 /* Design */ = {
			isa = PBXGroup;
			children = (
				4E9E72BE193FAD3600F1A6C2 /* 66bbf6e5d0e51496b5a1dc015a87dd9f.jpg */,
				4E9E72BF193FAD3600F1A6C2 /* fcab4f4dd1b44d9570886d844d344398.jpg */,
				4E9E72C0193FAD3600F1A6C2 /* fde0dbb18fc3ef85cdd9cefae81a2cec.jpg */,
				4E9E72C1193FAD3600F1A6C2 /* fdeb6ef8e3fc66a849f1b95deada8729.jpg */,
				4E9E72C2193FAD3600F1A6C2 /* fe1e5425997a4ad0eea9e36d1a0a29a0.jpg */,
			);
			path = Design;
			sourceTree = "<group>";
		};
		4E9E72C9193FAD3600F1A6C2 /* Homes */ = {
			isa = PBXGroup;
			children = (
				4E9E72CA193FAD3600F1A6C2 /* 864076816345aa615d572ebf1d3f9108.jpg */,
				4E9E72CB193FAD3600F1A6C2 /* 8df71e52915e3f182e5149ac1d5fbd8b.jpg */,
				4E9E72CC193FAD3600F1A6C2 /* b42cbe7c72d60da25eede69c4e5493d2.jpg */,
				4E9E72CD193FAD3600F1A6C2 /* d541d918abd0f63893face29a155d39b.jpg */,
				4E9E72CE193FAD3600F1A6C2 /* e42fdb717c6fc1245ddd526fefac545a.jpg */,
			);
			path = Homes;
			sourceTree = "<group>";
		};
		4EA15DDF18F7D61E00F40312 /* CoreData */ = {
			isa = PBXGroup;
			children = (
				4E9E7291193D304100F1A6C2 /* Database */,
				4E9E728D193D300200F1A6C2 /* CDTVC */,
				4E9E7297193D33EA00F1A6C2 /* Data Functions */,
				4E46E27F19369832009A5FFF /* DataModel */,
			);
			name = CoreData;
			sourceTree = "<group>";
		};
/* End PBXGroup section */

/* Begin PBXNativeTarget section */
		4E5EA0AC18F7521D00219035 /* InterestMe2 */ = {
			isa = PBXNativeTarget;
			buildConfigurationList = 4E5EA0DF18F7521D00219035 /* Build configuration list for PBXNativeTarget "InterestMe2" */;
			buildPhases = (
				4E5EA0A918F7521D00219035 /* Sources */,
				4E5EA0AA18F7521D00219035 /* Frameworks */,
				4E5EA0AB18F7521D00219035 /* Resources */,
			);
			buildRules = (
			);
			dependencies = (
			);
			name = InterestMe2;
			productName = InterestMe2;
			productReference = 4E5EA0AD18F7521D00219035 /* InterestMe2.app */;
			productType = "com.apple.product-type.application";
		};
		4E5EA0CD18F7521D00219035 /* InterestMe2Tests */ = {
			isa = PBXNativeTarget;
			buildConfigurationList = 4E5EA0E218F7521D00219035 /* Build configuration list for PBXNativeTarget "InterestMe2Tests" */;
			buildPhases = (
				4E5EA0CA18F7521D00219035 /* Sources */,
				4E5EA0CB18F7521D00219035 /* Frameworks */,
				4E5EA0CC18F7521D00219035 /* Resources */,
			);
			buildRules = (
			);
			dependencies = (
				4E5EA0D418F7521D00219035 /* PBXTargetDependency */,
			);
			name = InterestMe2Tests;
			productName = InterestMe2Tests;
			productReference = 4E5EA0CE18F7521D00219035 /* InterestMe2Tests.xctest */;
			productType = "com.apple.product-type.bundle.unit-test";
		};
/* End PBXNativeTarget section */

/* Begin PBXProject section */
		4E5EA0A518F7521D00219035 /* Project object */ = {
			isa = PBXProject;
			attributes = {
				CLASSPREFIX = CDW;
				LastUpgradeCheck = 0510;
				ORGANIZATIONNAME = "Collin Wallace";
				TargetAttributes = {
					4E5EA0AC18F7521D00219035 = {
						DevelopmentTeam = 739GC9Q2L8;
					};
					4E5EA0CD18F7521D00219035 = {
						TestTargetID = 4E5EA0AC18F7521D00219035;
					};
				};
			};
			buildConfigurationList = 4E5EA0A818F7521D00219035 /* Build configuration list for PBXProject "InterestMe2" */;
			compatibilityVersion = "Xcode 3.2";
			developmentRegion = English;
			hasScannedForEncodings = 0;
			knownRegions = (
				en,
				Base,
			);
			mainGroup = 4E5EA0A418F7521D00219035;
			productRefGroup = 4E5EA0AE18F7521D00219035 /* Products */;
			projectDirPath = "";
			projectRoot = "";
			targets = (
				4E5EA0AC18F7521D00219035 /* InterestMe2 */,
				4E5EA0CD18F7521D00219035 /* InterestMe2Tests */,
			);
		};
/* End PBXProject section */

/* Begin PBXResourcesBuildPhase section */
		4E5EA0AB18F7521D00219035 /* Resources */ = {
			isa = PBXResourcesBuildPhase;
			buildActionMask = 2147483647;
			files = (
				4E5EA0F418F7527600219035 /* interestMePhoto_3_resized.png in Resources */,
				4E9E7301193FAD3600F1A6C2 /* fde0dbb18fc3ef85cdd9cefae81a2cec.jpg in Resources */,
				4E9E72FF193FAD3600F1A6C2 /* 66bbf6e5d0e51496b5a1dc015a87dd9f.jpg in Resources */,
				4EBE385418FB036D006E7596 /* interestMe_logo2_60.png in Resources */,
				4E9E72F8193FAD3600F1A6C2 /* a1c9a3e2a570151f2351aa1ca72e4629.jpg in Resources */,
				4E9E72F3193FAD3600F1A6C2 /* 657b07d37e88783c19332ef6c530bf00.jpg in Resources */,
				4EBE384E18FB0288006E7596 /* interestMe_logo2.png in Resources */,
				4E9A8B8C195CDE1300C0AA7A /* fb_icon.png in Resources */,
				4E5EA0F118F7527600219035 /* interestMePhoto_8_resized.png in Resources */,
				4E9DCFD6194133B1000C4C2F /* interestMe_logo2_114.png in Resources */,
				4E9E72F2193FAD3600F1A6C2 /* 4f9f976730766fc91510f9a6d9e890d0.jpg in Resources */,
				4E9E7302193FAD3600F1A6C2 /* fdeb6ef8e3fc66a849f1b95deada8729.jpg in Resources */,
				4E9E72F7193FAD3600F1A6C2 /* 550bc8adf0631391759da352b3aa5344.jpg in Resources */,
				4E9DCFD5194133B1000C4C2F /* interestMe_logo2_57.png in Resources */,
				4E5EA0F218F7527600219035 /* interestMePhoto_7_resized.png in Resources */,
				4E9E72F5193FAD3600F1A6C2 /* fbf7ac0a15de4d90cce6d1d4158817af.jpg in Resources */,
				4EBE385218FB036D006E7596 /* interestMe_logo2_29.png in Resources */,
				4E4B270A18FE103300958FBF /* interestSettingsButton.png in Resources */,
				4E5EA0F318F7527600219035 /* interestMePhoto_4_resized.png in Resources */,
				4E4B270C18FE112C00958FBF /* interestBoardButton.png in Resources */,
				4E9E7308193FAD3600F1A6C2 /* 8df71e52915e3f182e5149ac1d5fbd8b.jpg in Resources */,
				4E5EA0F518F7527600219035 /* interestMePhoto_2_resized.png in Resources */,
				4E9E730B193FAD3600F1A6C2 /* e42fdb717c6fc1245ddd526fefac545a.jpg in Resources */,
				4E5EA0EF18F7527600219035 /* interestMePhoto_9_resized.png in Resources */,
				4E5EA0C918F7521D00219035 /* Images.xcassets in Resources */,
				4E9DCFDA194173C7000C4C2F /* interestBoardButton1.png in Resources */,
				4E9E72FB193FAD3600F1A6C2 /* d2e4a2dfed82757e21cb4fa52af55dc4.jpg in Resources */,
				4E9A8B8A195CDE1300C0AA7A /* mail_icon.png in Resources */,
				4E9E730A193FAD3600F1A6C2 /* d541d918abd0f63893face29a155d39b.jpg in Resources */,
				4E334C4C193FDB3D00974A26 /* interestMe_logo2_58.png in Resources */,
				4E9DCFD819413471000C4C2F /* interestMe_logo2_120.png in Resources */,
				4E9A8B8B195CDE1300C0AA7A /* twitter_icon.png in Resources */,
				4E9E72F1193FAD3600F1A6C2 /* 3395428376b68f5109460a9a33e1f0e0.jpg in Resources */,
				4E5EA0F618F7527600219035 /* interestMePhoto_6_resized.png in Resources */,
				4E9E72F9193FAD3600F1A6C2 /* cd06c6d68cbb6266fc05080dcbcbaafd.jpg in Resources */,
				4E9E72FA193FAD3600F1A6C2 /* d133480af0706f52f961ee363dc6fb63.jpg in Resources */,
				4E5EA0F018F7527600219035 /* interestMePhoto_1_resized.png in Resources */,
				4E9E7300193FAD3600F1A6C2 /* fcab4f4dd1b44d9570886d844d344398.jpg in Resources */,
				4E9E7307193FAD3600F1A6C2 /* 864076816345aa615d572ebf1d3f9108.jpg in Resources */,
				4E9A8B89195CDE1300C0AA7A /* sms_icon.png in Resources */,
				4E9E7327193FAD9200F1A6C2 /* interestme_jobs_splashscreen.png in Resources */,
				4E9E7303193FAD3600F1A6C2 /* fe1e5425997a4ad0eea9e36d1a0a29a0.jpg in Resources */,
				4E4B270E18FE135E00958FBF /* interestMeTitle.png in Resources */,
				4EBE385318FB036D006E7596 /* interestMe_logo2_40.png in Resources */,
				4E5EA0C418F7521D00219035 /* Main.storyboard in Resources */,
				4E9E72FC193FAD3600F1A6C2 /* ff8f9f3df4eca006aebb06c028f35aca.jpg in Resources */,
				4E9E72F4193FAD3600F1A6C2 /* cd3736dbd5d56a9bdf08421196c2b404.jpg in Resources */,
				4E5EA0F718F7527600219035 /* interestMePhoto_5_resized.png in Resources */,
				4E9E7309193FAD3600F1A6C2 /* b42cbe7c72d60da25eede69c4e5493d2.jpg in Resources */,
			);
			runOnlyForDeploymentPostprocessing = 0;
		};
		4E5EA0CC18F7521D00219035 /* Resources */ = {
			isa = PBXResourcesBuildPhase;
			buildActionMask = 2147483647;
			files = (
				4E5EA0DA18F7521D00219035 /* InfoPlist.strings in Resources */,
			);
			runOnlyForDeploymentPostprocessing = 0;
		};
/* End PBXResourcesBuildPhase section */

/* Begin PBXSourcesBuildPhase section */
		4E5EA0A918F7521D00219035 /* Sources */ = {
			isa = PBXSourcesBuildPhase;
			buildActionMask = 2147483647;
			files = (
				4EB9398D195C67E600E17FE8 /* Polaroid.m in Sources */,
				4E334C33193FB01700974A26 /* SettingsTVC.m in Sources */,
				4EC98DA31943E60600EDE129 /* PolaroidDatabase.m in Sources */,
				4E9DCFE019423F7A000C4C2F /* PolaroidCollectionViewCell.m in Sources */,
				4E9DCFE119423F7A000C4C2F /* PolaroidCollectionViewController.m in Sources */,
				4E334C4A193FB33D00974A26 /* ImageContentModel.xcdatamodeld in Sources */,
				4EB9398A195BBC3F00E17FE8 /* User.m in Sources */,
				4E5EA0C118F7521D00219035 /* CDWAppDelegate.m in Sources */,
				4E5EA0C718F7521D00219035 /* DraggableViewController.m in Sources */,
				4E66A795191B122E008599C5 /* FullScreenViewController.m in Sources */,
				4E9E724B193A6FB800F1A6C2 /* PolaroidCardView.m in Sources */,
				4E334C44193FB07C00974A26 /* main.m in Sources */,
				4EB93996195CAEFB00E17FE8 /* DrawerVertical.m in Sources */,
				4EB93993195C729B00E17FE8 /* TestVC.m in Sources */,
				4EC98DA71943E66D00EDE129 /* FlickrFetcher.m in Sources */,
				4E46E27E19369819009A5FFF /* Polaroid+AddOn.m in Sources */,
				4EC98DAA1943E6FD00EDE129 /* CoreDataTableViewController.m in Sources */,
			);
			runOnlyForDeploymentPostprocessing = 0;
		};
		4E5EA0CA18F7521D00219035 /* Sources */ = {
			isa = PBXSourcesBuildPhase;
			buildActionMask = 2147483647;
			files = (
				4E5EA0DC18F7521D00219035 /* InterestMe2Tests.m in Sources */,
			);
			runOnlyForDeploymentPostprocessing = 0;
		};
/* End PBXSourcesBuildPhase section */

/* Begin PBXTargetDependency section */
		4E5EA0D418F7521D00219035 /* PBXTargetDependency */ = {
			isa = PBXTargetDependency;
			target = 4E5EA0AC18F7521D00219035 /* InterestMe2 */;
			targetProxy = 4E5EA0D318F7521D00219035 /* PBXContainerItemProxy */;
		};
/* End PBXTargetDependency section */

/* Begin PBXVariantGroup section */
		4E5EA0C218F7521D00219035 /* Main.storyboard */ = {
			isa = PBXVariantGroup;
			children = (
				4E5EA0C318F7521D00219035 /* Base */,
			);
			name = Main.storyboard;
			sourceTree = "<group>";
		};
		4E5EA0D818F7521D00219035 /* InfoPlist.strings */ = {
			isa = PBXVariantGroup;
			children = (
				4E5EA0D918F7521D00219035 /* en */,
			);
			name = InfoPlist.strings;
			sourceTree = "<group>";
		};
/* End PBXVariantGroup section */

/* Begin XCBuildConfiguration section */
		4E5EA0DD18F7521D00219035 /* Debug */ = {
			isa = XCBuildConfiguration;
			buildSettings = {
				ALWAYS_SEARCH_USER_PATHS = NO;
				CLANG_CXX_LANGUAGE_STANDARD = "gnu++0x";
				CLANG_CXX_LIBRARY = "libc++";
				CLANG_ENABLE_MODULES = YES;
				CLANG_ENABLE_OBJC_ARC = YES;
				CLANG_WARN_BOOL_CONVERSION = YES;
				CLANG_WARN_CONSTANT_CONVERSION = YES;
				CLANG_WARN_DIRECT_OBJC_ISA_USAGE = YES_ERROR;
				CLANG_WARN_EMPTY_BODY = YES;
				CLANG_WARN_ENUM_CONVERSION = YES;
				CLANG_WARN_INT_CONVERSION = YES;
				CLANG_WARN_OBJC_ROOT_CLASS = YES_ERROR;
				CLANG_WARN__DUPLICATE_METHOD_MATCH = YES;
				"CODE_SIGN_IDENTITY[sdk=iphoneos*]" = "iPhone Developer";
				COPY_PHASE_STRIP = NO;
				GCC_C_LANGUAGE_STANDARD = gnu99;
				GCC_DYNAMIC_NO_PIC = NO;
				GCC_OPTIMIZATION_LEVEL = 0;
				GCC_PREPROCESSOR_DEFINITIONS = (
					"DEBUG=1",
					"$(inherited)",
				);
				GCC_SYMBOLS_PRIVATE_EXTERN = NO;
				GCC_WARN_64_TO_32_BIT_CONVERSION = YES;
				GCC_WARN_ABOUT_RETURN_TYPE = YES_ERROR;
				GCC_WARN_UNDECLARED_SELECTOR = YES;
				GCC_WARN_UNINITIALIZED_AUTOS = YES_AGGRESSIVE;
				GCC_WARN_UNUSED_FUNCTION = YES;
				GCC_WARN_UNUSED_VARIABLE = YES;
				IPHONEOS_DEPLOYMENT_TARGET = 7.1;
				ONLY_ACTIVE_ARCH = YES;
				SDKROOT = iphoneos;
			};
			name = Debug;
		};
		4E5EA0DE18F7521D00219035 /* Release */ = {
			isa = XCBuildConfiguration;
			buildSettings = {
				ALWAYS_SEARCH_USER_PATHS = NO;
				CLANG_CXX_LANGUAGE_STANDARD = "gnu++0x";
				CLANG_CXX_LIBRARY = "libc++";
				CLANG_ENABLE_MODULES = YES;
				CLANG_ENABLE_OBJC_ARC = YES;
				CLANG_WARN_BOOL_CONVERSION = YES;
				CLANG_WARN_CONSTANT_CONVERSION = YES;
				CLANG_WARN_DIRECT_OBJC_ISA_USAGE = YES_ERROR;
				CLANG_WARN_EMPTY_BODY = YES;
				CLANG_WARN_ENUM_CONVERSION = YES;
				CLANG_WARN_INT_CONVERSION = YES;
				CLANG_WARN_OBJC_ROOT_CLASS = YES_ERROR;
				CLANG_WARN__DUPLICATE_METHOD_MATCH = YES;
				"CODE_SIGN_IDENTITY[sdk=iphoneos*]" = "iPhone Developer";
				COPY_PHASE_STRIP = YES;
				ENABLE_NS_ASSERTIONS = NO;
				GCC_C_LANGUAGE_STANDARD = gnu99;
				GCC_WARN_64_TO_32_BIT_CONVERSION = YES;
				GCC_WARN_ABOUT_RETURN_TYPE = YES_ERROR;
				GCC_WARN_UNDECLARED_SELECTOR = YES;
				GCC_WARN_UNINITIALIZED_AUTOS = YES_AGGRESSIVE;
				GCC_WARN_UNUSED_FUNCTION = YES;
				GCC_WARN_UNUSED_VARIABLE = YES;
				IPHONEOS_DEPLOYMENT_TARGET = 7.1;
				SDKROOT = iphoneos;
				VALIDATE_PRODUCT = YES;
			};
			name = Release;
		};
		4E5EA0E018F7521D00219035 /* Debug */ = {
			isa = XCBuildConfiguration;
			buildSettings = {
				ASSETCATALOG_COMPILER_APPICON_NAME = AppIcon;
				ASSETCATALOG_COMPILER_LAUNCHIMAGE_NAME = LaunchImage;
				CODE_SIGN_IDENTITY = "iPhone Developer";
				GCC_PRECOMPILE_PREFIX_HEADER = YES;
				GCC_PREFIX_HEADER = "InterestMe2/InterestMe2-Prefix.pch";
				INFOPLIST_FILE = "InterestMe2/InterestMe2-Info.plist";
				PRODUCT_NAME = "$(TARGET_NAME)";
				WRAPPER_EXTENSION = app;
			};
			name = Debug;
		};
		4E5EA0E118F7521D00219035 /* Release */ = {
			isa = XCBuildConfiguration;
			buildSettings = {
				ASSETCATALOG_COMPILER_APPICON_NAME = AppIcon;
				ASSETCATALOG_COMPILER_LAUNCHIMAGE_NAME = LaunchImage;
				CODE_SIGN_IDENTITY = "iPhone Developer";
				GCC_PRECOMPILE_PREFIX_HEADER = YES;
				GCC_PREFIX_HEADER = "InterestMe2/InterestMe2-Prefix.pch";
				INFOPLIST_FILE = "InterestMe2/InterestMe2-Info.plist";
				PRODUCT_NAME = "$(TARGET_NAME)";
				WRAPPER_EXTENSION = app;
			};
			name = Release;
		};
		4E5EA0E318F7521D00219035 /* Debug */ = {
			isa = XCBuildConfiguration;
			buildSettings = {
				BUNDLE_LOADER = "$(BUILT_PRODUCTS_DIR)/InterestMe2.app/InterestMe2";
				FRAMEWORK_SEARCH_PATHS = (
					"$(SDKROOT)/Developer/Library/Frameworks",
					"$(inherited)",
					"$(DEVELOPER_FRAMEWORKS_DIR)",
				);
				GCC_PRECOMPILE_PREFIX_HEADER = YES;
				GCC_PREFIX_HEADER = "InterestMe2/InterestMe2-Prefix.pch";
				GCC_PREPROCESSOR_DEFINITIONS = (
					"DEBUG=1",
					"$(inherited)",
				);
				INFOPLIST_FILE = "InterestMe2Tests/InterestMe2Tests-Info.plist";
				PRODUCT_NAME = "$(TARGET_NAME)";
				TEST_HOST = "$(BUNDLE_LOADER)";
				WRAPPER_EXTENSION = xctest;
			};
			name = Debug;
		};
		4E5EA0E418F7521D00219035 /* Release */ = {
			isa = XCBuildConfiguration;
			buildSettings = {
				BUNDLE_LOADER = "$(BUILT_PRODUCTS_DIR)/InterestMe2.app/InterestMe2";
				FRAMEWORK_SEARCH_PATHS = (
					"$(SDKROOT)/Developer/Library/Frameworks",
					"$(inherited)",
					"$(DEVELOPER_FRAMEWORKS_DIR)",
				);
				GCC_PRECOMPILE_PREFIX_HEADER = YES;
				GCC_PREFIX_HEADER = "InterestMe2/InterestMe2-Prefix.pch";
				INFOPLIST_FILE = "InterestMe2Tests/InterestMe2Tests-Info.plist";
				PRODUCT_NAME = "$(TARGET_NAME)";
				TEST_HOST = "$(BUNDLE_LOADER)";
				WRAPPER_EXTENSION = xctest;
			};
			name = Release;
		};
/* End XCBuildConfiguration section */

/* Begin XCConfigurationList section */
		4E5EA0A818F7521D00219035 /* Build configuration list for PBXProject "InterestMe2" */ = {
			isa = XCConfigurationList;
			buildConfigurations = (
				4E5EA0DD18F7521D00219035 /* Debug */,
				4E5EA0DE18F7521D00219035 /* Release */,
			);
			defaultConfigurationIsVisible = 0;
			defaultConfigurationName = Release;
		};
		4E5EA0DF18F7521D00219035 /* Build configuration list for PBXNativeTarget "InterestMe2" */ = {
			isa = XCConfigurationList;
			buildConfigurations = (
				4E5EA0E018F7521D00219035 /* Debug */,
				4E5EA0E118F7521D00219035 /* Release */,
			);
			defaultConfigurationIsVisible = 0;
			defaultConfigurationName = Release;
		};
		4E5EA0E218F7521D00219035 /* Build configuration list for PBXNativeTarget "InterestMe2Tests" */ = {
			isa = XCConfigurationList;
			buildConfigurations = (
				4E5EA0E318F7521D00219035 /* Debug */,
				4E5EA0E418F7521D00219035 /* Release */,
			);
			defaultConfigurationIsVisible = 0;
			defaultConfigurationName = Release;
		};
/* End XCConfigurationList section */

/* Begin XCVersionGroup section */
		4E334C48193FB33D00974A26 /* ImageContentModel.xcdatamodeld */ = {
			isa = XCVersionGroup;
			children = (
				4E334C49193FB33D00974A26 /* ImageContentModel.xcdatamodel */,
			);
			currentVersion = 4E334C49193FB33D00974A26 /* ImageContentModel.xcdatamodel */;
			path = ImageContentModel.xcdatamodeld;
			sourceTree = "<group>";
			versionGroupType = wrapper.xcdatamodel;
		};
/* End XCVersionGroup section */
	};
	rootObject = 4E5EA0A518F7521D00219035 /* Project object */;
}
